{
  "lockfile_version": 1,
  "os": "macOS Sequoia 15.7.2",
  "r_version": "R version 4.5.2 (2025-10-31)",
  "platform": "aarch64-apple-darwin20",
  "packages": [
    {
      "ref": "deps::.",
      "package": "genewalkR-deps",
      "version": "0.0.1.0",
      "type": "deps",
      "direct": true,
      "binary": false,
      "dependencies": ["checkmate", "data.table", "purrr", "igraph", "magrittr", "rextendr", "S7"],
      "vignettes": false,
      "metadata": {
        "RemotePkgRef": "deps::.",
        "RemoteType": "deps"
      },
      "sources": [],
      "target": "src/contrib/genewalkR-deps_0.0.1.0.tar.gz",
      "platform": "source",
      "rversion": "*",
      "directpkg": true,
      "license": "MIT + file LICENSE",
      "dep_types": ["Depends", "Imports", "LinkingTo"],
      "params": [],
      "install_args": "",
      "sysreqs": "Cargo (Rust's package manager), rustc"
    },
    {
      "ref": "R6",
      "package": "R6",
      "version": "2.6.1",
      "type": "standard",
      "direct": false,
      "binary": true,
      "dependencies": [],
      "vignettes": false,
      "needscompilation": false,
      "metadata": {
        "RemoteType": "standard",
        "RemotePkgRef": "R6",
        "RemoteRef": "R6",
        "RemoteRepos": "https://cran.rstudio.com/",
        "RemotePkgPlatform": "aarch64-apple-darwin20",
        "RemoteSha": "2.6.1"
      },
      "sources": ["https://cran.rstudio.com//bin/macosx/big-sur-arm64/contrib/4.5/R6_2.6.1.tgz", "https://mac.r-project.org/bin/macosx/big-sur-arm64/contrib/4.5/R6_2.6.1.tgz"],
      "target": "bin/macosx/big-sur-arm64/contrib/4.5/R6_2.6.1.tgz",
      "platform": "aarch64-apple-darwin20",
      "rversion": "4.5",
      "built": "R 4.5.0; ; 2025-02-15 01:07:20 UTC; unix",
      "directpkg": false,
      "license": "MIT + file LICENSE",
      "sha256": "88a4bb2f177abff0483b44cf015eeff6eb6f0197b6aca1800caacd97942c0775",
      "filesize": 87277,
      "dep_types": ["Depends", "Imports", "LinkingTo"],
      "params": [],
      "install_args": "",
      "repotype": "cran",
      "sysreqs": ""
    },
    {
      "ref": "S7",
      "package": "S7",
      "version": "0.2.1",
      "type": "standard",
      "direct": false,
      "binary": true,
      "dependencies": [],
      "vignettes": false,
      "needscompilation": true,
      "metadata": {
        "RemoteType": "standard",
        "RemotePkgRef": "S7",
        "RemoteRef": "S7",
        "RemoteRepos": "https://cran.rstudio.com/",
        "RemotePkgPlatform": "aarch64-apple-darwin20",
        "RemoteSha": "0.2.1"
      },
      "sources": ["https://cran.rstudio.com//bin/macosx/big-sur-arm64/contrib/4.5/S7_0.2.1.tgz", "https://mac.r-project.org/bin/macosx/big-sur-arm64/contrib/4.5/S7_0.2.1.tgz"],
      "target": "bin/macosx/big-sur-arm64/contrib/4.5/S7_0.2.1.tgz",
      "platform": "aarch64-apple-darwin20",
      "rversion": "4.5",
      "built": "R 4.5.2; aarch64-apple-darwin20; 2025-11-19 04:37:29 UTC; unix",
      "directpkg": false,
      "license": "MIT + file LICENSE",
      "sha256": "04fa5c7da3a1e6594ddd175fc9e7734b88ca6a01b8a5a0307a46c7272e506afc",
      "filesize": 343271,
      "dep_types": ["Depends", "Imports", "LinkingTo"],
      "params": [],
      "install_args": "",
      "repotype": "cran",
      "sysreqs": ""
    },
    {
      "ref": "backports",
      "package": "backports",
      "version": "1.5.0",
      "type": "standard",
      "direct": false,
      "binary": true,
      "dependencies": [],
      "vignettes": false,
      "needscompilation": true,
      "metadata": {
        "RemoteType": "standard",
        "RemotePkgRef": "backports",
        "RemoteRef": "backports",
        "RemoteRepos": "https://cran.rstudio.com/",
        "RemotePkgPlatform": "aarch64-apple-darwin20",
        "RemoteSha": "1.5.0"
      },
      "sources": ["https://cran.rstudio.com//bin/macosx/big-sur-arm64/contrib/4.5/backports_1.5.0.tgz", "https://mac.r-project.org/bin/macosx/big-sur-arm64/contrib/4.5/backports_1.5.0.tgz"],
      "target": "bin/macosx/big-sur-arm64/contrib/4.5/backports_1.5.0.tgz",
      "platform": "aarch64-apple-darwin20",
      "rversion": "4.5",
      "built": "R 4.5.0; aarch64-apple-darwin20; 2025-03-31 21:47:05 UTC; unix",
      "directpkg": false,
      "license": "GPL-2 | GPL-3",
      "sha256": "4b7a7b8e755a6e41dfa80c8dc94a8743b5f81804ae762ec70f0257cd9622473a",
      "filesize": 122485,
      "dep_types": ["Depends", "Imports", "LinkingTo"],
      "params": [],
      "install_args": "",
      "repotype": "cran",
      "sysreqs": ""
    },
    {
      "ref": "brio",
      "package": "brio",
      "version": "1.1.5",
      "type": "standard",
      "direct": false,
      "binary": true,
      "dependencies": [],
      "vignettes": false,
      "needscompilation": true,
      "metadata": {
        "RemoteType": "standard",
        "RemotePkgRef": "brio",
        "RemoteRef": "brio",
        "RemoteRepos": "https://cran.rstudio.com/",
        "RemotePkgPlatform": "aarch64-apple-darwin20",
        "RemoteSha": "1.1.5"
      },
      "sources": ["https://cran.rstudio.com//bin/macosx/big-sur-arm64/contrib/4.5/brio_1.1.5.tgz", "https://mac.r-project.org/bin/macosx/big-sur-arm64/contrib/4.5/brio_1.1.5.tgz"],
      "target": "bin/macosx/big-sur-arm64/contrib/4.5/brio_1.1.5.tgz",
      "platform": "aarch64-apple-darwin20",
      "rversion": "4.5",
      "built": "R 4.5.0; aarch64-apple-darwin20; 2025-03-31 21:59:36 UTC; unix",
      "directpkg": false,
      "license": "MIT + file LICENSE",
      "sha256": "214af18e856e8d25a58de8059a0d3ea9c3686019f91cc6b521ee849ec6425024",
      "filesize": 46853,
      "dep_types": ["Depends", "Imports", "LinkingTo"],
      "params": [],
      "install_args": "",
      "repotype": "cran",
      "sysreqs": ""
    },
    {
      "ref": "callr",
      "package": "callr",
      "version": "3.7.6",
      "type": "standard",
      "direct": false,
      "binary": true,
      "dependencies": ["processx", "R6"],
      "vignettes": false,
      "needscompilation": false,
      "metadata": {
        "RemoteType": "standard",
        "RemotePkgRef": "callr",
        "RemoteRef": "callr",
        "RemoteRepos": "https://cran.rstudio.com/",
        "RemotePkgPlatform": "aarch64-apple-darwin20",
        "RemoteSha": "3.7.6"
      },
      "sources": ["https://cran.rstudio.com//bin/macosx/big-sur-arm64/contrib/4.5/callr_3.7.6.tgz", "https://mac.r-project.org/bin/macosx/big-sur-arm64/contrib/4.5/callr_3.7.6.tgz"],
      "target": "bin/macosx/big-sur-arm64/contrib/4.5/callr_3.7.6.tgz",
      "platform": "aarch64-apple-darwin20",
      "rversion": "4.5",
      "built": "R 4.5.0; ; 2025-04-01 11:57:59 UTC; unix",
      "directpkg": false,
      "license": "MIT + file LICENSE",
      "sha256": "9f55ca453e7987c5f19c9dcf135894978c663fb6a536122fff491f82808e06ba",
      "filesize": 454390,
      "dep_types": ["Depends", "Imports", "LinkingTo"],
      "params": [],
      "install_args": "",
      "repotype": "cran",
      "sysreqs": ""
    },
    {
      "ref": "checkmate",
      "package": "checkmate",
      "version": "2.3.3",
      "type": "standard",
      "direct": false,
      "binary": true,
      "dependencies": ["backports"],
      "vignettes": false,
      "needscompilation": true,
      "metadata": {
        "RemoteType": "standard",
        "RemotePkgRef": "checkmate",
        "RemoteRef": "checkmate",
        "RemoteRepos": "https://cran.rstudio.com/",
        "RemotePkgPlatform": "aarch64-apple-darwin20",
        "RemoteSha": "2.3.3"
      },
      "sources": ["https://cran.rstudio.com//bin/macosx/big-sur-arm64/contrib/4.5/checkmate_2.3.3.tgz", "https://mac.r-project.org/bin/macosx/big-sur-arm64/contrib/4.5/checkmate_2.3.3.tgz"],
      "target": "bin/macosx/big-sur-arm64/contrib/4.5/checkmate_2.3.3.tgz",
      "platform": "aarch64-apple-darwin20",
      "rversion": "4.5",
      "built": "R 4.5.0; aarch64-apple-darwin20; 2025-08-21 02:54:12 UTC; unix",
      "directpkg": false,
      "license": "BSD_3_clause + file LICENSE",
      "sha256": "a0f18abf0d4390369509ff6477dae52ac2faddb0253ca6f97ab35c415a08b8a3",
      "filesize": 829839,
      "dep_types": ["Depends", "Imports", "LinkingTo"],
      "params": [],
      "install_args": "",
      "repotype": "cran",
      "sysreqs": ""
    },
    {
      "ref": "cli",
      "package": "cli",
      "version": "3.6.5",
      "type": "standard",
      "direct": false,
      "binary": true,
      "dependencies": [],
      "vignettes": false,
      "needscompilation": true,
      "metadata": {
        "RemoteType": "standard",
        "RemotePkgRef": "cli",
        "RemoteRef": "cli",
        "RemoteRepos": "https://cran.rstudio.com/",
        "RemotePkgPlatform": "aarch64-apple-darwin20",
        "RemoteSha": "3.6.5"
      },
      "sources": ["https://cran.rstudio.com//bin/macosx/big-sur-arm64/contrib/4.5/cli_3.6.5.tgz", "https://mac.r-project.org/bin/macosx/big-sur-arm64/contrib/4.5/cli_3.6.5.tgz"],
      "target": "bin/macosx/big-sur-arm64/contrib/4.5/cli_3.6.5.tgz",
      "platform": "aarch64-apple-darwin20",
      "rversion": "4.5",
      "built": "R 4.5.0; aarch64-apple-darwin20; 2025-04-23 14:06:41 UTC; unix",
      "directpkg": false,
      "license": "MIT + file LICENSE",
      "sha256": "d371dd1ece42fafb829fb4d0122794a6342f114ce8300285c54ccefa3a2fa1d8",
      "filesize": 1471916,
      "dep_types": ["Depends", "Imports", "LinkingTo"],
      "params": [],
      "install_args": "",
      "repotype": "cran",
      "sysreqs": ""
    },
    {
      "ref": "data.table",
      "package": "data.table",
      "version": "1.17.8",
      "type": "standard",
      "direct": false,
      "binary": true,
      "dependencies": [],
      "vignettes": false,
      "needscompilation": true,
      "metadata": {
        "RemoteType": "standard",
        "RemotePkgRef": "data.table",
        "RemoteRef": "data.table",
        "RemoteRepos": "https://cran.rstudio.com/",
        "RemotePkgPlatform": "aarch64-apple-darwin20",
        "RemoteSha": "1.17.8"
      },
      "sources": ["https://cran.rstudio.com//bin/macosx/big-sur-arm64/contrib/4.5/data.table_1.17.8.tgz", "https://mac.r-project.org/bin/macosx/big-sur-arm64/contrib/4.5/data.table_1.17.8.tgz"],
      "target": "bin/macosx/big-sur-arm64/contrib/4.5/data.table_1.17.8.tgz",
      "platform": "aarch64-apple-darwin20",
      "rversion": "4.5",
      "built": "R 4.5.0; aarch64-apple-darwin20; 2025-07-10 10:52:42 UTC; unix",
      "directpkg": false,
      "license": "MPL-2.0 | file LICENSE",
      "sha256": "050c24072fddee8fd06bbbaab4ddadefb4016b4c502cb0a10eb437a287ce511f",
      "filesize": 3066861,
      "dep_types": ["Depends", "Imports", "LinkingTo"],
      "params": [],
      "install_args": "",
      "repotype": "cran",
      "sysreqs": ""
    },
    {
      "ref": "desc",
      "package": "desc",
      "version": "1.4.3",
      "type": "standard",
      "direct": false,
      "binary": true,
      "dependencies": ["cli", "R6"],
      "vignettes": false,
      "needscompilation": false,
      "metadata": {
        "RemoteType": "standard",
        "RemotePkgRef": "desc",
        "RemoteRef": "desc",
        "RemoteRepos": "https://cran.rstudio.com/",
        "RemotePkgPlatform": "aarch64-apple-darwin20",
        "RemoteSha": "1.4.3"
      },
      "sources": ["https://cran.rstudio.com//bin/macosx/big-sur-arm64/contrib/4.5/desc_1.4.3.tgz", "https://mac.r-project.org/bin/macosx/big-sur-arm64/contrib/4.5/desc_1.4.3.tgz"],
      "target": "bin/macosx/big-sur-arm64/contrib/4.5/desc_1.4.3.tgz",
      "platform": "aarch64-apple-darwin20",
      "rversion": "4.5",
      "built": "R 4.5.0; ; 2025-03-31 21:55:26 UTC; unix",
      "directpkg": false,
      "license": "MIT + file LICENSE",
      "sha256": "86703968e44539e32b2e8c2fa7ee1a0db74db8ffd7e7651b563e97781c924925",
      "filesize": 337823,
      "dep_types": ["Depends", "Imports", "LinkingTo"],
      "params": [],
      "install_args": "",
      "repotype": "cran",
      "sysreqs": ""
    },
    {
      "ref": "dplyr",
      "package": "dplyr",
      "version": "1.1.4",
      "type": "standard",
      "direct": false,
      "binary": true,
      "dependencies": ["cli", "generics", "glue", "lifecycle", "magrittr", "pillar", "R6", "rlang", "tibble", "tidyselect", "vctrs"],
      "vignettes": false,
      "needscompilation": true,
      "metadata": {
        "RemoteType": "standard",
        "RemotePkgRef": "dplyr",
        "RemoteRef": "dplyr",
        "RemoteRepos": "https://cran.rstudio.com/",
        "RemotePkgPlatform": "aarch64-apple-darwin20",
        "RemoteSha": "1.1.4"
      },
      "sources": ["https://cran.rstudio.com//bin/macosx/big-sur-arm64/contrib/4.5/dplyr_1.1.4.tgz", "https://mac.r-project.org/bin/macosx/big-sur-arm64/contrib/4.5/dplyr_1.1.4.tgz"],
      "target": "bin/macosx/big-sur-arm64/contrib/4.5/dplyr_1.1.4.tgz",
      "platform": "aarch64-apple-darwin20",
      "rversion": "4.5",
      "built": "R 4.5.0; aarch64-apple-darwin20; 2025-04-01 23:28:06 UTC; unix",
      "directpkg": false,
      "license": "MIT + file LICENSE",
      "sha256": "0d3993797c0a8d6476b2cae00cf586793c3c763425798d5c409ef12748fc3c96",
      "filesize": 1614595,
      "dep_types": ["Depends", "Imports", "LinkingTo"],
      "params": [],
      "install_args": "",
      "repotype": "cran",
      "sysreqs": ""
    },
    {
      "ref": "generics",
      "package": "generics",
      "version": "0.1.4",
      "type": "standard",
      "direct": false,
      "binary": true,
      "dependencies": [],
      "vignettes": false,
      "needscompilation": false,
      "metadata": {
        "RemoteType": "standard",
        "RemotePkgRef": "generics",
        "RemoteRef": "generics",
        "RemoteRepos": "https://cran.rstudio.com/",
        "RemotePkgPlatform": "aarch64-apple-darwin20",
        "RemoteSha": "0.1.4"
      },
      "sources": ["https://cran.rstudio.com//bin/macosx/big-sur-arm64/contrib/4.5/generics_0.1.4.tgz", "https://mac.r-project.org/bin/macosx/big-sur-arm64/contrib/4.5/generics_0.1.4.tgz"],
      "target": "bin/macosx/big-sur-arm64/contrib/4.5/generics_0.1.4.tgz",
      "platform": "aarch64-apple-darwin20",
      "rversion": "4.5",
      "built": "R 4.5.0; ; 2025-05-10 00:42:34 UTC; unix",
      "directpkg": false,
      "license": "MIT + file LICENSE",
      "sha256": "4fe64ad880a5bf657e9a5c6f6611a829414428fbae74e30ddb82baca2f781889",
      "filesize": 82600,
      "dep_types": ["Depends", "Imports", "LinkingTo"],
      "params": [],
      "install_args": "",
      "repotype": "cran",
      "sysreqs": ""
    },
    {
      "ref": "glue",
      "package": "glue",
      "version": "1.8.0",
      "type": "standard",
      "direct": false,
      "binary": true,
      "dependencies": [],
      "vignettes": false,
      "needscompilation": true,
      "metadata": {
        "RemoteType": "standard",
        "RemotePkgRef": "glue",
        "RemoteRef": "glue",
        "RemoteRepos": "https://cran.rstudio.com/",
        "RemotePkgPlatform": "aarch64-apple-darwin20",
        "RemoteSha": "1.8.0"
      },
      "sources": ["https://cran.rstudio.com//bin/macosx/big-sur-arm64/contrib/4.5/glue_1.8.0.tgz", "https://mac.r-project.org/bin/macosx/big-sur-arm64/contrib/4.5/glue_1.8.0.tgz"],
      "target": "bin/macosx/big-sur-arm64/contrib/4.5/glue_1.8.0.tgz",
      "platform": "aarch64-apple-darwin20",
      "rversion": "4.5",
      "built": "R 4.5.0; aarch64-apple-darwin20; 2025-03-31 21:41:36 UTC; unix",
      "directpkg": false,
      "license": "MIT + file LICENSE",
      "sha256": "ae6f501aaad2726dd7ab23c9bfbbc7530846cbb36872b052d5c36376c6a9054c",
      "filesize": 175137,
      "dep_types": ["Depends", "Imports", "LinkingTo"],
      "params": [],
      "install_args": "",
      "repotype": "cran",
      "sysreqs": ""
    },
    {
      "ref": "igraph",
      "package": "igraph",
      "version": "2.2.1",
      "type": "standard",
      "direct": false,
      "binary": true,
      "dependencies": ["cli", "lifecycle", "magrittr", "Matrix", "pkgconfig", "rlang", "vctrs"],
      "vignettes": false,
      "needscompilation": true,
      "metadata": {
        "RemoteType": "standard",
        "RemotePkgRef": "igraph",
        "RemoteRef": "igraph",
        "RemoteRepos": "https://cran.rstudio.com/",
        "RemotePkgPlatform": "aarch64-apple-darwin20",
        "RemoteSha": "2.2.1"
      },
      "sources": ["https://cran.rstudio.com//bin/macosx/big-sur-arm64/contrib/4.5/igraph_2.2.1.tgz", "https://mac.r-project.org/bin/macosx/big-sur-arm64/contrib/4.5/igraph_2.2.1.tgz"],
      "target": "bin/macosx/big-sur-arm64/contrib/4.5/igraph_2.2.1.tgz",
      "platform": "aarch64-apple-darwin20",
      "rversion": "4.5",
      "built": "R 4.5.0; aarch64-apple-darwin20; 2025-10-27 11:20:26 UTC; unix",
      "directpkg": false,
      "license": "GPL (>= 2)",
      "sha256": "e8151bac42f6fef2cceaa42eb4c2390d03d01675411ad082e461cffad19dd6cf",
      "filesize": 10068312,
      "dep_types": ["Depends", "Imports", "LinkingTo"],
      "params": [],
      "install_args": "",
      "repotype": "cran",
      "sysreqs": "libxml2 (optional), glpk (>= 4.57, optional)"
    },
    {
      "ref": "jsonlite",
      "package": "jsonlite",
      "version": "2.0.0",
      "type": "standard",
      "direct": false,
      "binary": true,
      "dependencies": [],
      "vignettes": false,
      "needscompilation": true,
      "metadata": {
        "RemoteType": "standard",
        "RemotePkgRef": "jsonlite",
        "RemoteRef": "jsonlite",
        "RemoteRepos": "https://cran.rstudio.com/",
        "RemotePkgPlatform": "aarch64-apple-darwin20",
        "RemoteSha": "2.0.0"
      },
      "sources": ["https://cran.rstudio.com//bin/macosx/big-sur-arm64/contrib/4.5/jsonlite_2.0.0.tgz", "https://mac.r-project.org/bin/macosx/big-sur-arm64/contrib/4.5/jsonlite_2.0.0.tgz"],
      "target": "bin/macosx/big-sur-arm64/contrib/4.5/jsonlite_2.0.0.tgz",
      "platform": "aarch64-apple-darwin20",
      "rversion": "4.5",
      "built": "R 4.5.0; aarch64-apple-darwin20; 2025-03-27 07:33:55 UTC; unix",
      "directpkg": false,
      "license": "MIT + file LICENSE",
      "sha256": "97bcc324f0316a368abbd87379fdfd86e544bfda1b9720b121aaf7eec612674b",
      "filesize": 1109878,
      "dep_types": ["Depends", "Imports", "LinkingTo"],
      "params": [],
      "install_args": "",
      "repotype": "cran",
      "sysreqs": ""
    },
    {
      "ref": "lifecycle",
      "package": "lifecycle",
      "version": "1.0.4",
      "type": "standard",
      "direct": false,
      "binary": true,
      "dependencies": ["cli", "glue", "rlang"],
      "vignettes": false,
      "needscompilation": false,
      "metadata": {
        "RemoteType": "standard",
        "RemotePkgRef": "lifecycle",
        "RemoteRef": "lifecycle",
        "RemoteRepos": "https://cran.rstudio.com/",
        "RemotePkgPlatform": "aarch64-apple-darwin20",
        "RemoteSha": "1.0.4"
      },
      "sources": ["https://cran.rstudio.com//bin/macosx/big-sur-arm64/contrib/4.5/lifecycle_1.0.4.tgz", "https://mac.r-project.org/bin/macosx/big-sur-arm64/contrib/4.5/lifecycle_1.0.4.tgz"],
      "target": "bin/macosx/big-sur-arm64/contrib/4.5/lifecycle_1.0.4.tgz",
      "platform": "aarch64-apple-darwin20",
      "rversion": "4.5",
      "built": "R 4.5.0; ; 2025-04-01 06:31:31 UTC; unix",
      "directpkg": false,
      "license": "MIT + file LICENSE",
      "sha256": "82d248511ff31fa5c94463754c57065407ad47351e9ad62229438106e44ee0c9",
      "filesize": 125641,
      "dep_types": ["Depends", "Imports", "LinkingTo"],
      "params": [],
      "install_args": "",
      "repotype": "cran",
      "sysreqs": ""
    },
    {
      "ref": "magrittr",
      "package": "magrittr",
      "version": "2.0.4",
      "type": "standard",
      "direct": false,
      "binary": true,
      "dependencies": [],
      "vignettes": false,
      "needscompilation": true,
      "metadata": {
        "RemoteType": "standard",
        "RemotePkgRef": "magrittr",
        "RemoteRef": "magrittr",
        "RemoteRepos": "https://cran.rstudio.com/",
        "RemotePkgPlatform": "aarch64-apple-darwin20",
        "RemoteSha": "2.0.4"
      },
      "sources": ["https://cran.rstudio.com//bin/macosx/big-sur-arm64/contrib/4.5/magrittr_2.0.4.tgz", "https://mac.r-project.org/bin/macosx/big-sur-arm64/contrib/4.5/magrittr_2.0.4.tgz"],
      "target": "bin/macosx/big-sur-arm64/contrib/4.5/magrittr_2.0.4.tgz",
      "platform": "aarch64-apple-darwin20",
      "rversion": "4.5",
      "built": "R 4.5.0; aarch64-apple-darwin20; 2025-09-12 08:49:30 UTC; unix",
      "directpkg": false,
      "license": "MIT + file LICENSE",
      "sha256": "42e0eac723aa0871893903cde90967bb874ad175b408413b65dd585edfbb57ed",
      "filesize": 231970,
      "dep_types": ["Depends", "Imports", "LinkingTo"],
      "params": [],
      "install_args": "",
      "repotype": "cran",
      "sysreqs": ""
    },
    {
      "ref": "pillar",
      "package": "pillar",
      "version": "1.11.1",
      "type": "standard",
      "direct": false,
      "binary": true,
      "dependencies": ["cli", "glue", "lifecycle", "rlang", "utf8", "vctrs"],
      "vignettes": false,
      "needscompilation": false,
      "metadata": {
        "RemoteType": "standard",
        "RemotePkgRef": "pillar",
        "RemoteRef": "pillar",
        "RemoteRepos": "https://cran.rstudio.com/",
        "RemotePkgPlatform": "aarch64-apple-darwin20",
        "RemoteSha": "1.11.1"
      },
      "sources": ["https://cran.rstudio.com//bin/macosx/big-sur-arm64/contrib/4.5/pillar_1.11.1.tgz", "https://mac.r-project.org/bin/macosx/big-sur-arm64/contrib/4.5/pillar_1.11.1.tgz"],
      "target": "bin/macosx/big-sur-arm64/contrib/4.5/pillar_1.11.1.tgz",
      "platform": "aarch64-apple-darwin20",
      "rversion": "4.5",
      "built": "R 4.5.0; ; 2025-09-17 13:45:18 UTC; unix",
      "directpkg": false,
      "license": "MIT + file LICENSE",
      "sha256": "02d119e4c741638e9ff610bfb01018f8bce599c25a48061d67c809f59fcd9a28",
      "filesize": 660111,
      "dep_types": ["Depends", "Imports", "LinkingTo"],
      "params": [],
      "install_args": "",
      "repotype": "cran",
      "sysreqs": ""
    },
    {
      "ref": "pkgbuild",
      "package": "pkgbuild",
      "version": "1.4.8",
      "type": "standard",
      "direct": false,
      "binary": true,
      "dependencies": ["callr", "cli", "desc", "processx", "R6"],
      "vignettes": false,
      "needscompilation": false,
      "metadata": {
        "RemoteType": "standard",
        "RemotePkgRef": "pkgbuild",
        "RemoteRef": "pkgbuild",
        "RemoteRepos": "https://cran.rstudio.com/",
        "RemotePkgPlatform": "aarch64-apple-darwin20",
        "RemoteSha": "1.4.8"
      },
      "sources": ["https://cran.rstudio.com//bin/macosx/big-sur-arm64/contrib/4.5/pkgbuild_1.4.8.tgz", "https://mac.r-project.org/bin/macosx/big-sur-arm64/contrib/4.5/pkgbuild_1.4.8.tgz"],
      "target": "bin/macosx/big-sur-arm64/contrib/4.5/pkgbuild_1.4.8.tgz",
      "platform": "aarch64-apple-darwin20",
      "rversion": "4.5",
      "built": "R 4.5.0; ; 2025-05-26 15:14:03 UTC; unix",
      "directpkg": false,
      "license": "MIT + file LICENSE",
      "sha256": "31437444b496f551599236a9a0f4205541da37651fdc1040403f51c99a058225",
      "filesize": 209856,
      "dep_types": ["Depends", "Imports", "LinkingTo"],
      "params": [],
      "install_args": "",
      "repotype": "cran",
      "sysreqs": ""
    },
    {
      "ref": "pkgconfig",
      "package": "pkgconfig",
      "version": "2.0.3",
      "type": "standard",
      "direct": false,
      "binary": true,
      "dependencies": [],
      "vignettes": false,
      "needscompilation": false,
      "metadata": {
        "RemoteType": "standard",
        "RemotePkgRef": "pkgconfig",
        "RemoteRef": "pkgconfig",
        "RemoteRepos": "https://cran.rstudio.com/",
        "RemotePkgPlatform": "aarch64-apple-darwin20",
        "RemoteSha": "2.0.3"
      },
      "sources": ["https://cran.rstudio.com//bin/macosx/big-sur-arm64/contrib/4.5/pkgconfig_2.0.3.tgz", "https://mac.r-project.org/bin/macosx/big-sur-arm64/contrib/4.5/pkgconfig_2.0.3.tgz"],
      "target": "bin/macosx/big-sur-arm64/contrib/4.5/pkgconfig_2.0.3.tgz",
      "platform": "aarch64-apple-darwin20",
      "rversion": "4.5",
      "built": "R 4.5.0; ; 2025-03-31 21:41:54 UTC; unix",
      "directpkg": false,
      "license": "MIT + file LICENSE",
      "sha256": "e0dfdd675e915097c571d7c81fa065e8af2df14026363e980a19a2057414f537",
      "filesize": 18473,
      "dep_types": ["Depends", "Imports", "LinkingTo"],
      "params": [],
      "install_args": "",
      "repotype": "cran",
      "sysreqs": ""
    },
    {
      "ref": "processx",
      "package": "processx",
      "version": "3.8.6",
      "type": "standard",
      "direct": false,
      "binary": true,
      "dependencies": ["ps", "R6"],
      "vignettes": false,
      "needscompilation": true,
      "metadata": {
        "RemoteType": "standard",
        "RemotePkgRef": "processx",
        "RemoteRef": "processx",
        "RemoteRepos": "https://cran.rstudio.com/",
        "RemotePkgPlatform": "aarch64-apple-darwin20",
        "RemoteSha": "3.8.6"
      },
      "sources": ["https://cran.rstudio.com//bin/macosx/big-sur-arm64/contrib/4.5/processx_3.8.6.tgz", "https://mac.r-project.org/bin/macosx/big-sur-arm64/contrib/4.5/processx_3.8.6.tgz"],
      "target": "bin/macosx/big-sur-arm64/contrib/4.5/processx_3.8.6.tgz",
      "platform": "aarch64-apple-darwin20",
      "rversion": "4.5",
      "built": "R 4.5.0; aarch64-apple-darwin20; 2025-04-01 06:37:39 UTC; unix",
      "directpkg": false,
      "license": "MIT + file LICENSE",
      "sha256": "7f6ba5778f2569805f8ad37c1bf5b5bb2634c59ac31611c5d9a48e0aeb35cc4e",
      "filesize": 334398,
      "dep_types": ["Depends", "Imports", "LinkingTo"],
      "params": [],
      "install_args": "",
      "repotype": "cran",
      "sysreqs": ""
    },
    {
      "ref": "ps",
      "package": "ps",
      "version": "1.9.1",
      "type": "standard",
      "direct": false,
      "binary": true,
      "dependencies": [],
      "vignettes": false,
      "needscompilation": true,
      "metadata": {
        "RemoteType": "standard",
        "RemotePkgRef": "ps",
        "RemoteRef": "ps",
        "RemoteRepos": "https://cran.rstudio.com/",
        "RemotePkgPlatform": "aarch64-apple-darwin20",
        "RemoteSha": "1.9.1"
      },
      "sources": ["https://cran.rstudio.com//bin/macosx/big-sur-arm64/contrib/4.5/ps_1.9.1.tgz", "https://mac.r-project.org/bin/macosx/big-sur-arm64/contrib/4.5/ps_1.9.1.tgz"],
      "target": "bin/macosx/big-sur-arm64/contrib/4.5/ps_1.9.1.tgz",
      "platform": "aarch64-apple-darwin20",
      "rversion": "4.5",
      "built": "R 4.5.0; aarch64-apple-darwin20; 2025-04-12 10:19:37 UTC; unix",
      "directpkg": false,
      "license": "MIT + file LICENSE",
      "sha256": "9535991dda1fe69c52af9736d950ee6de49680733b0319c217548c22b649e3e9",
      "filesize": 408556,
      "dep_types": ["Depends", "Imports", "LinkingTo"],
      "params": [],
      "install_args": "",
      "repotype": "cran",
      "sysreqs": ""
    },
    {
      "ref": "purrr",
      "package": "purrr",
      "version": "1.2.0",
      "type": "standard",
      "direct": false,
      "binary": true,
      "dependencies": ["cli", "lifecycle", "magrittr", "rlang", "vctrs"],
      "vignettes": false,
      "needscompilation": true,
      "metadata": {
        "RemoteType": "standard",
        "RemotePkgRef": "purrr",
        "RemoteRef": "purrr",
        "RemoteRepos": "https://cran.rstudio.com/",
        "RemotePkgPlatform": "aarch64-apple-darwin20",
        "RemoteSha": "1.2.0"
      },
      "sources": ["https://cran.rstudio.com//bin/macosx/big-sur-arm64/contrib/4.5/purrr_1.2.0.tgz", "https://mac.r-project.org/bin/macosx/big-sur-arm64/contrib/4.5/purrr_1.2.0.tgz"],
      "target": "bin/macosx/big-sur-arm64/contrib/4.5/purrr_1.2.0.tgz",
      "platform": "aarch64-apple-darwin20",
      "rversion": "4.5",
      "built": "R 4.5.0; aarch64-apple-darwin20; 2025-11-04 14:10:01 UTC; unix",
      "directpkg": false,
      "license": "MIT + file LICENSE",
      "sha256": "b50c6e05bfdf209bd5123b2bec29a9ccd792d2faab4b2c77d49392338932c97f",
      "filesize": 585047,
      "dep_types": ["Depends", "Imports", "LinkingTo"],
      "params": [],
      "install_args": "",
      "repotype": "cran",
      "sysreqs": ""
    },
    {
      "ref": "rextendr",
      "package": "rextendr",
      "version": "0.4.2",
      "type": "standard",
      "direct": false,
      "binary": true,
      "dependencies": ["brio", "callr", "cli", "desc", "dplyr", "glue", "jsonlite", "pkgbuild", "processx", "rlang", "rprojroot", "stringi", "vctrs", "withr"],
      "vignettes": false,
      "needscompilation": false,
      "metadata": {
        "RemoteType": "standard",
        "RemotePkgRef": "rextendr",
        "RemoteRef": "rextendr",
        "RemoteRepos": "https://cran.rstudio.com/",
        "RemotePkgPlatform": "aarch64-apple-darwin20",
        "RemoteSha": "0.4.2"
      },
      "sources": ["https://cran.rstudio.com//bin/macosx/big-sur-arm64/contrib/4.5/rextendr_0.4.2.tgz", "https://mac.r-project.org/bin/macosx/big-sur-arm64/contrib/4.5/rextendr_0.4.2.tgz"],
      "target": "bin/macosx/big-sur-arm64/contrib/4.5/rextendr_0.4.2.tgz",
      "platform": "aarch64-apple-darwin20",
      "rversion": "4.5",
      "built": "R 4.5.0; ; 2025-08-26 14:50:32 UTC; unix",
      "directpkg": false,
      "license": "MIT + file LICENSE",
      "sha256": "b41758ca3ab4a882c1d0f73dab21acc3765c29946618fa0c69e5bc8bdc642f2c",
      "filesize": 484124,
      "dep_types": ["Depends", "Imports", "LinkingTo"],
      "params": [],
      "install_args": "",
      "repotype": "cran",
      "sysreqs": "Rust 'cargo'; the crate 'libR-sys' must compile without error"
    },
    {
      "ref": "rlang",
      "package": "rlang",
      "version": "1.1.6",
      "type": "standard",
      "direct": false,
      "binary": true,
      "dependencies": [],
      "vignettes": false,
      "needscompilation": true,
      "metadata": {
        "RemoteType": "standard",
        "RemotePkgRef": "rlang",
        "RemoteRef": "rlang",
        "RemoteRepos": "https://cran.rstudio.com/",
        "RemotePkgPlatform": "aarch64-apple-darwin20",
        "RemoteSha": "1.1.6"
      },
      "sources": ["https://cran.rstudio.com//bin/macosx/big-sur-arm64/contrib/4.5/rlang_1.1.6.tgz", "https://mac.r-project.org/bin/macosx/big-sur-arm64/contrib/4.5/rlang_1.1.6.tgz"],
      "target": "bin/macosx/big-sur-arm64/contrib/4.5/rlang_1.1.6.tgz",
      "platform": "aarch64-apple-darwin20",
      "rversion": "4.5",
      "built": "R 4.5.0; aarch64-apple-darwin20; 2025-04-11 09:43:26 UTC; unix",
      "directpkg": false,
      "license": "MIT + file LICENSE",
      "sha256": "171543d23948b9fe353665bdbef5c944ebdfae94bb3dd2afc4ae586a1a20c0cf",
      "filesize": 1906383,
      "dep_types": ["Depends", "Imports", "LinkingTo"],
      "params": [],
      "install_args": "",
      "repotype": "cran",
      "sysreqs": ""
    },
    {
      "ref": "rprojroot",
      "package": "rprojroot",
      "version": "2.1.1",
      "type": "standard",
      "direct": false,
      "binary": true,
      "dependencies": [],
      "vignettes": false,
      "needscompilation": false,
      "metadata": {
        "RemoteType": "standard",
        "RemotePkgRef": "rprojroot",
        "RemoteRef": "rprojroot",
        "RemoteRepos": "https://cran.rstudio.com/",
        "RemotePkgPlatform": "aarch64-apple-darwin20",
        "RemoteSha": "2.1.1"
      },
      "sources": ["https://cran.rstudio.com//bin/macosx/big-sur-arm64/contrib/4.5/rprojroot_2.1.1.tgz", "https://mac.r-project.org/bin/macosx/big-sur-arm64/contrib/4.5/rprojroot_2.1.1.tgz"],
      "target": "bin/macosx/big-sur-arm64/contrib/4.5/rprojroot_2.1.1.tgz",
      "platform": "aarch64-apple-darwin20",
      "rversion": "4.5",
      "built": "R 4.5.0; ; 2025-08-26 16:42:40 UTC; unix",
      "directpkg": false,
      "license": "MIT + file LICENSE",
      "sha256": "8397e8f8f53d1d44970f4744784afda2c3b9ba3bf045396b720ed5c8771efa43",
      "filesize": 113089,
      "dep_types": ["Depends", "Imports", "LinkingTo"],
      "params": [],
      "install_args": "",
      "repotype": "cran",
      "sysreqs": ""
    },
    {
      "ref": "stringi",
      "package": "stringi",
      "version": "1.8.7",
      "type": "standard",
      "direct": false,
      "binary": true,
      "dependencies": [],
      "vignettes": false,
      "needscompilation": true,
      "metadata": {
        "RemoteType": "standard",
        "RemotePkgRef": "stringi",
        "RemoteRef": "stringi",
        "RemoteRepos": "https://cran.rstudio.com/",
        "RemotePkgPlatform": "aarch64-apple-darwin20",
        "RemoteSha": "1.8.7"
      },
      "sources": ["https://cran.rstudio.com//bin/macosx/big-sur-arm64/contrib/4.5/stringi_1.8.7.tgz", "https://mac.r-project.org/bin/macosx/big-sur-arm64/contrib/4.5/stringi_1.8.7.tgz"],
      "target": "bin/macosx/big-sur-arm64/contrib/4.5/stringi_1.8.7.tgz",
      "platform": "aarch64-apple-darwin20",
      "rversion": "4.5",
      "built": "R 4.5.0; aarch64-apple-darwin20; 2025-03-31 21:46:23 UTC; unix",
      "directpkg": false,
      "license": "file LICENSE",
      "sha256": "f5bc06d013155210f9def2185c441449f6db676648aaeb781c6df79aff2eb8e2",
      "filesize": 14789937,
      "dep_types": ["Depends", "Imports", "LinkingTo"],
      "params": [],
      "install_args": "",
      "repotype": "cran",
      "sysreqs": "ICU4C (>= 61, optional)"
    },
    {
      "ref": "tibble",
      "package": "tibble",
      "version": "3.3.0",
      "type": "standard",
      "direct": false,
      "binary": true,
      "dependencies": ["cli", "lifecycle", "magrittr", "pillar", "pkgconfig", "rlang", "vctrs"],
      "vignettes": false,
      "needscompilation": true,
      "metadata": {
        "RemoteType": "standard",
        "RemotePkgRef": "tibble",
        "RemoteRef": "tibble",
        "RemoteRepos": "https://cran.rstudio.com/",
        "RemotePkgPlatform": "aarch64-apple-darwin20",
        "RemoteSha": "3.3.0"
      },
      "sources": ["https://cran.rstudio.com//bin/macosx/big-sur-arm64/contrib/4.5/tibble_3.3.0.tgz", "https://mac.r-project.org/bin/macosx/big-sur-arm64/contrib/4.5/tibble_3.3.0.tgz"],
      "target": "bin/macosx/big-sur-arm64/contrib/4.5/tibble_3.3.0.tgz",
      "platform": "aarch64-apple-darwin20",
      "rversion": "4.5",
      "built": "R 4.5.0; aarch64-apple-darwin20; 2025-06-08 13:50:10 UTC; unix",
      "directpkg": false,
      "license": "MIT + file LICENSE",
      "sha256": "0970a1ccf731d4109b9ca3817c4a63c7d2db27b8d3f6c9b7b203f7aa5cc106ee",
      "filesize": 692985,
      "dep_types": ["Depends", "Imports", "LinkingTo"],
      "params": [],
      "install_args": "",
      "repotype": "cran",
      "sysreqs": ""
    },
    {
      "ref": "tidyselect",
      "package": "tidyselect",
      "version": "1.2.1",
      "type": "standard",
      "direct": false,
      "binary": true,
      "dependencies": ["cli", "glue", "lifecycle", "rlang", "vctrs", "withr"],
      "vignettes": false,
      "needscompilation": false,
      "metadata": {
        "RemoteType": "standard",
        "RemotePkgRef": "tidyselect",
        "RemoteRef": "tidyselect",
        "RemoteRepos": "https://cran.rstudio.com/",
        "RemotePkgPlatform": "aarch64-apple-darwin20",
        "RemoteSha": "1.2.1"
      },
      "sources": ["https://cran.rstudio.com//bin/macosx/big-sur-arm64/contrib/4.5/tidyselect_1.2.1.tgz", "https://mac.r-project.org/bin/macosx/big-sur-arm64/contrib/4.5/tidyselect_1.2.1.tgz"],
      "target": "bin/macosx/big-sur-arm64/contrib/4.5/tidyselect_1.2.1.tgz",
      "platform": "aarch64-apple-darwin20",
      "rversion": "4.5",
      "built": "R 4.5.0; ; 2025-04-01 15:54:40 UTC; unix",
      "directpkg": false,
      "license": "MIT + file LICENSE",
      "sha256": "e59da1725c93b123fa87df59d53e2df86179e6f5a53b6920570ab48cb8b7d549",
      "filesize": 226889,
      "dep_types": ["Depends", "Imports", "LinkingTo"],
      "params": [],
      "install_args": "",
      "repotype": "cran",
      "sysreqs": ""
    },
    {
      "ref": "utf8",
      "package": "utf8",
      "version": "1.2.6",
      "type": "standard",
      "direct": false,
      "binary": true,
      "dependencies": [],
      "vignettes": false,
      "needscompilation": true,
      "metadata": {
        "RemoteType": "standard",
        "RemotePkgRef": "utf8",
        "RemoteRef": "utf8",
        "RemoteRepos": "https://cran.rstudio.com/",
        "RemotePkgPlatform": "aarch64-apple-darwin20",
        "RemoteSha": "1.2.6"
      },
      "sources": ["https://cran.rstudio.com//bin/macosx/big-sur-arm64/contrib/4.5/utf8_1.2.6.tgz", "https://mac.r-project.org/bin/macosx/big-sur-arm64/contrib/4.5/utf8_1.2.6.tgz"],
      "target": "bin/macosx/big-sur-arm64/contrib/4.5/utf8_1.2.6.tgz",
      "platform": "aarch64-apple-darwin20",
      "rversion": "4.5",
      "built": "R 4.5.0; aarch64-apple-darwin20; 2025-06-08 20:24:56 UTC; unix",
      "directpkg": false,
      "license": "Apache License (== 2.0) | file LICENSE",
      "sha256": "898f3ab279154409a7c7cf3b009bc21d39b48dffe3ad0938144cd4042a370b65",
      "filesize": 209736,
      "dep_types": ["Depends", "Imports", "LinkingTo"],
      "params": [],
      "install_args": "",
      "repotype": "cran",
      "sysreqs": ""
    },
    {
      "ref": "vctrs",
      "package": "vctrs",
      "version": "0.6.5",
      "type": "standard",
      "direct": false,
      "binary": true,
      "dependencies": ["cli", "glue", "lifecycle", "rlang"],
      "vignettes": false,
      "needscompilation": true,
      "metadata": {
        "RemoteType": "standard",
        "RemotePkgRef": "vctrs",
        "RemoteRef": "vctrs",
        "RemoteRepos": "https://cran.rstudio.com/",
        "RemotePkgPlatform": "aarch64-apple-darwin20",
        "RemoteSha": "0.6.5"
      },
      "sources": ["https://cran.rstudio.com//bin/macosx/big-sur-arm64/contrib/4.5/vctrs_0.6.5.tgz", "https://mac.r-project.org/bin/macosx/big-sur-arm64/contrib/4.5/vctrs_0.6.5.tgz"],
      "target": "bin/macosx/big-sur-arm64/contrib/4.5/vctrs_0.6.5.tgz",
      "platform": "aarch64-apple-darwin20",
      "rversion": "4.5",
      "built": "R 4.5.0; aarch64-apple-darwin20; 2025-04-01 11:51:16 UTC; unix",
      "directpkg": false,
      "license": "MIT + file LICENSE",
      "sha256": "bd1b2830b88f94a0ee4bb36a470c6fcf00bdea5c63fc27e7747f6a3413036ff6",
      "filesize": 1892983,
      "dep_types": ["Depends", "Imports", "LinkingTo"],
      "params": [],
      "install_args": "",
      "repotype": "cran",
      "sysreqs": ""
    },
    {
      "ref": "withr",
      "package": "withr",
      "version": "3.0.2",
      "type": "standard",
      "direct": false,
      "binary": true,
      "dependencies": [],
      "vignettes": false,
      "needscompilation": false,
      "metadata": {
        "RemoteType": "standard",
        "RemotePkgRef": "withr",
        "RemoteRef": "withr",
        "RemoteRepos": "https://cran.rstudio.com/",
        "RemotePkgPlatform": "aarch64-apple-darwin20",
        "RemoteSha": "3.0.2"
      },
      "sources": ["https://cran.rstudio.com//bin/macosx/big-sur-arm64/contrib/4.5/withr_3.0.2.tgz", "https://mac.r-project.org/bin/macosx/big-sur-arm64/contrib/4.5/withr_3.0.2.tgz"],
      "target": "bin/macosx/big-sur-arm64/contrib/4.5/withr_3.0.2.tgz",
      "platform": "aarch64-apple-darwin20",
      "rversion": "4.5",
      "built": "R 4.5.0; ; 2025-03-31 21:42:13 UTC; unix",
      "directpkg": false,
      "license": "MIT + file LICENSE",
      "sha256": "126b0d3fb45d5cee75986cfc2e704c5ee58554969ec580bbb051058e43871253",
      "filesize": 224910,
      "dep_types": ["Depends", "Imports", "LinkingTo"],
      "params": [],
      "install_args": "",
      "repotype": "cran",
      "sysreqs": ""
    },
    {
      "ref": "installed::/Library/Frameworks/R.framework/Resources/library/lattice",
      "package": "lattice",
      "version": "0.22-7",
      "type": "installed",
      "direct": false,
      "binary": true,
      "dependencies": [],
      "vignettes": false,
      "needscompilation": true,
      "metadata": {
        "RemoteType": "installed",
        "RemotePkgRef": "installed::/Library/Frameworks/R.framework/Resources/library/lattice",
        "RemotePkgPlatform": "aarch64-apple-darwin20",
        "RemoteSha": "0.22-7"
      },
      "sources": [],
      "target": "src/contrib/lattice_0.22-7.tar.gz",
      "platform": "aarch64-apple-darwin20",
      "rversion": "R 4.5.2",
      "built": "R 4.5.2; aarch64-apple-darwin20; 2025-11-01 02:09:42 UTC; unix",
      "directpkg": false,
      "license": "GPL (>= 2)",
      "dep_types": ["Depends", "Imports", "LinkingTo"],
      "params": [],
      "install_args": "",
      "repotype": "cran"
    },
    {
      "ref": "installed::/Library/Frameworks/R.framework/Resources/library/Matrix",
      "package": "Matrix",
      "version": "1.7-4",
      "type": "installed",
      "direct": false,
      "binary": true,
      "dependencies": ["lattice"],
      "vignettes": false,
      "needscompilation": true,
      "metadata": {
        "RemoteType": "installed",
        "RemotePkgRef": "installed::/Library/Frameworks/R.framework/Resources/library/Matrix",
        "RemotePkgPlatform": "aarch64-apple-darwin20",
        "RemoteSha": "1.7-4"
      },
      "sources": [],
      "target": "src/contrib/Matrix_1.7-4.tar.gz",
      "platform": "aarch64-apple-darwin20",
      "rversion": "R 4.5.2",
      "built": "R 4.5.2; aarch64-apple-darwin20; 2025-11-01 02:09:47 UTC; unix",
      "directpkg": false,
      "license": "GPL (>= 2) | file LICENCE",
      "dep_types": ["Depends", "Imports", "LinkingTo"],
      "params": [],
      "install_args": "",
      "repotype": "cran"
    }
  ]
}
